// !$*UTF8*$!
{
	archiveVersion = 1;
	classes = {
	};
	objectVersion = 46;
	objects = {
/* Begin PBXBuildFile section */
		012B6890E2FC4EFAAD4B1288 /* CDVInAppBrowser.m in Sources */ = {isa = PBXBuildFile; fileRef = D4D5A940BC7D434BB7AC7F19 /* CDVInAppBrowser.m */; };
		0207DA581B56EA530066E2B4 /* Images.xcassets in Resources */ = {isa = PBXBuildFile; fileRef = 0207DA571B56EA530066E2B4 /* Images.xcassets */; };
		02726CBCD67646D78E2C112A /* CDVCamera.m in Sources */ = {isa = PBXBuildFile; fileRef = 4A3E44B494EC448AA91C8C15 /* CDVCamera.m */; };
		05B1B5FCAA164791AF208364 /* CDVConnection.m in Sources */ = {isa = PBXBuildFile; fileRef = 16E2BF4CACD4440A97ECEBBC /* CDVConnection.m */; };
		0B96368A9700490BB27E535B /* CoreTelephony.framework in Frameworks */ = {isa = PBXBuildFile; fileRef = 2E09C7B358C64EA2A23168F6 /* CoreTelephony.framework */; };
		12EFE315553E4DE69F2C8F44 /* CDVBattery.m in Sources */ = {isa = PBXBuildFile; fileRef = 4E8B991D32FC4F3E85426D99 /* CDVBattery.m */; };
		16181FC474F44C4687F171CB /* CDVSplashScreen.m in Sources */ = {isa = PBXBuildFile; fileRef = 3E40B46F40444CC29DDA803E /* CDVSplashScreen.m */; };
		1D3623260D0F684500981E51 /* AppDelegate.m in Sources */ = {isa = PBXBuildFile; fileRef = 1D3623250D0F684500981E51 /* AppDelegate.m */; };
		1D60589B0D05DD56006BFB54 /* main.m in Sources */ = {isa = PBXBuildFile; fileRef = 29B97316FDCFA39411CA2CEA /* main.m */; };
		22282B5C5EF74754BAC888B8 /* CDVNotification.bundle in Resources */ = {isa = PBXBuildFile; fileRef = C92ED3815A33492A87917BBA /* CDVNotification.bundle */; };
		301BF552109A68D80062928A /* libCordova.a in Frameworks */ = {isa = PBXBuildFile; fileRef = 301BF535109A57CC0062928A /* libCordova.a */; };
		302D95F114D2391D003F00A1 /* MainViewController.m in Sources */ = {isa = PBXBuildFile; fileRef = 302D95EF14D2391D003F00A1 /* MainViewController.m */; };
		302D95F214D2391D003F00A1 /* MainViewController.xib in Resources */ = {isa = PBXBuildFile; fileRef = 302D95F014D2391D003F00A1 /* MainViewController.xib */; };
		35126EFFA033478182AB42C6 /* CDVContact.m in Sources */ = {isa = PBXBuildFile; fileRef = AA30C065C83F4D69B78F249B /* CDVContact.m */; };
		3FF49A2EED2C4E1FA5FFDC74 /* AddressBookUI.framework in Frameworks */ = {isa = PBXBuildFile; fileRef = CBE553861BD24A5CAEDAA175 /* AddressBookUI.framework */; settings = {ATTRIBUTES = (Weak, ); }; };
		44B01497383A4CF3ABBEC4BB /* CDVGlobalization.m in Sources */ = {isa = PBXBuildFile; fileRef = 5D193F132EAC4460B754B65C /* CDVGlobalization.m */; };
		4A6E244E1B634B79A481D1B5 /* CDVVibration.m in Sources */ = {isa = PBXBuildFile; fileRef = 5A4C0D51AD254EE9B31F64B1 /* CDVVibration.m */; };
		514AA09982794EDB873A3A46 /* CDVJpegHeaderWriter.m in Sources */ = {isa = PBXBuildFile; fileRef = 5F1952FC9E3F4E039E4E0FC2 /* CDVJpegHeaderWriter.m */; };
		53D035C5E7BD482EA45A06DC /* CDVStatusBar.m in Sources */ = {isa = PBXBuildFile; fileRef = D972EA10C83F4C67AFA6411C /* CDVStatusBar.m */; };
		5580FA0A8C67498EAA03F501 /* CDVContacts.m in Sources */ = {isa = PBXBuildFile; fileRef = 310A0C52E9F846D88A69F5FE /* CDVContacts.m */; };
		5664E8730C6C4FD3ADAACD25 /* CDVFileTransfer.m in Sources */ = {isa = PBXBuildFile; fileRef = 9AFD0679A6B34178BB3215B3 /* CDVFileTransfer.m */; };
		58F7EEE2F49147E3834A06F6 /* CDVViewController+SplashScreen.m in Sources */ = {isa = PBXBuildFile; fileRef = 3C5604421FDA4322865CDE64 /* CDVViewController+SplashScreen.m */; };
		5CA71C0363C44C98AA0D8B83 /* CDVCompass.m in Sources */ = {isa = PBXBuildFile; fileRef = 3FB1E2DF343A44F391047C0F /* CDVCompass.m */; };
		5E4FA3EB115543FF88B3ADAD /* CDVReachability.m in Sources */ = {isa = PBXBuildFile; fileRef = 342446B2F2F44010B209A5EA /* CDVReachability.m */; };
		600EDA13A1F1449EB3200B53 /* CDVCapture.m in Sources */ = {isa = PBXBuildFile; fileRef = 98A5D9F7BB7C45F9B96CEDC9 /* CDVCapture.m */; };
		6539D97A72924C319FA24089 /* CoreLocation.framework in Frameworks */ = {isa = PBXBuildFile; fileRef = 31CDCEC84A3646768E1F6CB3 /* CoreLocation.framework */; };
		68F7366B457949C0A40B0CFC /* AddressBook.framework in Frameworks */ = {isa = PBXBuildFile; fileRef = 01AF447AD1824D188D47F068 /* AddressBook.framework */; settings = {ATTRIBUTES = (Weak, ); }; };
		6AFF5BF91D6E424B00AB3073 /* CDVLaunchScreen.storyboard in Resources */ = {isa = PBXBuildFile; fileRef = 6AFF5BF81D6E424B00AB3073 /* CDVLaunchScreen.storyboard */; };
		782D0DB810CE4C17BE0B1912 /* CDVNotification.m in Sources */ = {isa = PBXBuildFile; fileRef = 7EA330247CDF424A868872DA /* CDVNotification.m */; };
		789CD4037CC0494C9D4A218F /* CDVFile.m in Sources */ = {isa = PBXBuildFile; fileRef = 7A966E71E73D4184BE461E2A /* CDVFile.m */; };
		824A20AF723441C8BFA9F480 /* AVFoundation.framework in Frameworks */ = {isa = PBXBuildFile; fileRef = 51C639CC25454476A1180AB7 /* AVFoundation.framework */; };
		8B3F056FBFEC4152BFB7FCAE /* CDVLocalFilesystem.m in Sources */ = {isa = PBXBuildFile; fileRef = ACDA0F1B1D6A4B899ADAC972 /* CDVLocalFilesystem.m */; };
		8FC9BB026F324B6ABCA5FC70 /* CDVAccelerometer.m in Sources */ = {isa = PBXBuildFile; fileRef = 0CCCF8FD9DCC428B8E45890D /* CDVAccelerometer.m */; };
		9CC8DB6C1FFA4F05A9E785E3 /* CoreMotion.framework in Frameworks */ = {isa = PBXBuildFile; fileRef = AA749517C6EB4C97B569898A /* CoreMotion.framework */; };
		A860F203BF7849E8AD0B0FC0 /* CDVLogger.m in Sources */ = {isa = PBXBuildFile; fileRef = 984875EFB04B47C993CF2D45 /* CDVLogger.m */; };
		AB0C0D13E497444C8E2D05A5 /* UIImage+CropScaleOrientation.m in Sources */ = {isa = PBXBuildFile; fileRef = C4F177D8ACA043C9B00C9987 /* UIImage+CropScaleOrientation.m */; };
		B79B9DF936B9490E9E8BCBAB /* CDVAssetLibraryFilesystem.m in Sources */ = {isa = PBXBuildFile; fileRef = 8124267F1FAD45DBAB4A0B2F /* CDVAssetLibraryFilesystem.m */; };
		C31593A9AA6B47C6AB5068B7 /* CDVLocation.m in Sources */ = {isa = PBXBuildFile; fileRef = BB8F736355D948FDAED1A514 /* CDVLocation.m */; };
		C7F7E5AD4A9148A89ACA56CB /* CDVDevice.m in Sources */ = {isa = PBXBuildFile; fileRef = C76E2FD27F3F442D90BB8562 /* CDVDevice.m */; };
		C8E93024B7B04D359568DF6B /* SystemConfiguration.framework in Frameworks */ = {isa = PBXBuildFile; fileRef = 8226A8C485024B47A42EAA8C /* SystemConfiguration.framework */; settings = {ATTRIBUTES = (Weak, ); }; };
		D1844AB1D5FD4DDCB5F81147 /* AudioToolbox.framework in Frameworks */ = {isa = PBXBuildFile; fileRef = 9C5E65A3995E48ADA3DA13F8 /* AudioToolbox.framework */; settings = {ATTRIBUTES = (Weak, ); }; };
		E4A67335A6C14035832792DD /* ImageIO.framework in Frameworks */ = {isa = PBXBuildFile; fileRef = A3DFD82B22D74151A7B54397 /* ImageIO.framework */; settings = {ATTRIBUTES = (Weak, ); }; };
		F230FA1562F84FC2BB4AAF4F /* libz.tbd in Frameworks */ = {isa = PBXBuildFile; fileRef = 5FC776925F3E4F2587040EB8 /* libz.tbd */; };
		F35E1DB845244DF589A8C31A /* CDVCapture.bundle in Resources */ = {isa = PBXBuildFile; fileRef = 868605E0FEFB403982AA56BF /* CDVCapture.bundle */; };
		FAE6D4B5C9574AF8B03790BA /* CDVSound.m in Sources */ = {isa = PBXBuildFile; fileRef = 6217D21CB20D4511B2C6CCD9 /* CDVSound.m */; };
/* End PBXBuildFile section */

/* Begin PBXContainerItemProxy section */
		301BF534109A57CC0062928A /* PBXContainerItemProxy */ = {
			isa = PBXContainerItemProxy;
			containerPortal = 301BF52D109A57CC0062928A /* CordovaLib/CordovaLib.xcodeproj */;
			proxyType = 2;
			remoteGlobalIDString = D2AAC07E0554694100DB518D;
			remoteInfo = CordovaLib;
		};
		301BF550109A68C00062928A /* PBXContainerItemProxy */ = {
			isa = PBXContainerItemProxy;
			containerPortal = 301BF52D109A57CC0062928A /* CordovaLib/CordovaLib.xcodeproj */;
			proxyType = 1;
			remoteGlobalIDString = D2AAC07D0554694100DB518D;
			remoteInfo = CordovaLib;
		};
		9513B6701F89B63D00F3CD7A /* PBXContainerItemProxy */ = {
			isa = PBXContainerItemProxy;
			containerPortal = 301BF52D109A57CC0062928A /* CordovaLib/CordovaLib.xcodeproj */;
			proxyType = 2;
			remoteGlobalIDString = C0C01EB21E3911D50056E6CB;
			remoteInfo = Cordova;
		};
/* End PBXContainerItemProxy section */

/* Begin PBXFileReference section */
		01AF447AD1824D188D47F068 /* AddressBook.framework */ = {isa = PBXFileReference; explicitFileType = undefined; fileEncoding = 9; includeInIndex = 0; lastKnownFileType = wrapper.framework; name = AddressBook.framework; path = System/Library/Frameworks/AddressBook.framework; sourceTree = SDKROOT; };
		0207DA571B56EA530066E2B4 /* Images.xcassets */ = {isa = PBXFileReference; lastKnownFileType = folder.assetcatalog; name = Images.xcassets; path = TestProject/Images.xcassets; sourceTree = SOURCE_ROOT; };
		08B4828C5AAE4C00871041E2 /* CDVSound.h */ = {isa = PBXFileReference; explicitFileType = undefined; fileEncoding = 4; includeInIndex = 0; lastKnownFileType = sourcecode.c.h; name = CDVSound.h; path = "cordova-plugin-media/CDVSound.h"; sourceTree = "<group>"; };
		0C31EFCE39BF48B994818028 /* CDVDevice.h */ = {isa = PBXFileReference; explicitFileType = undefined; fileEncoding = 4; includeInIndex = 0; lastKnownFileType = sourcecode.c.h; name = CDVDevice.h; path = "cordova-plugin-device/CDVDevice.h"; sourceTree = "<group>"; };
		0CCCF8FD9DCC428B8E45890D /* CDVAccelerometer.m */ = {isa = PBXFileReference; explicitFileType = undefined; fileEncoding = 4; includeInIndex = 0; lastKnownFileType = sourcecode.c.objc; name = CDVAccelerometer.m; path = "cordova-plugin-device-motion/CDVAccelerometer.m"; sourceTree = "<group>"; };
		142D8397D1344B1FB4992DB5 /* CDVCompass.h */ = {isa = PBXFileReference; explicitFileType = undefined; fileEncoding = 4; includeInIndex = 0; lastKnownFileType = sourcecode.c.h; name = CDVCompass.h; path = "cordova-plugin-device-orientation/CDVCompass.h"; sourceTree = "<group>"; };
		16E2BF4CACD4440A97ECEBBC /* CDVConnection.m */ = {isa = PBXFileReference; explicitFileType = undefined; fileEncoding = 4; includeInIndex = 0; lastKnownFileType = sourcecode.c.objc; name = CDVConnection.m; path = "cordova-plugin-network-information/CDVConnection.m"; sourceTree = "<group>"; };
		1D3623240D0F684500981E51 /* AppDelegate.h */ = {isa = PBXFileReference; fileEncoding = 4; lastKnownFileType = sourcecode.c.h; path = AppDelegate.h; sourceTree = "<group>"; };
		1D3623250D0F684500981E51 /* AppDelegate.m */ = {isa = PBXFileReference; fileEncoding = 4; lastKnownFileType = sourcecode.c.objc; path = AppDelegate.m; sourceTree = "<group>"; };
		1D6058910D05DD3D006BFB54 /* TestProject.app */ = {isa = PBXFileReference; explicitFileType = wrapper.application; includeInIndex = 0; path = TestProject.app; sourceTree = BUILT_PRODUCTS_DIR; };
		29B97316FDCFA39411CA2CEA /* main.m */ = {isa = PBXFileReference; fileEncoding = 4; lastKnownFileType = sourcecode.c.objc; path = main.m; sourceTree = "<group>"; };
		2D42F3C281EE49F398304189 /* CDVReachability.h */ = {isa = PBXFileReference; explicitFileType = undefined; fileEncoding = 4; includeInIndex = 0; lastKnownFileType = sourcecode.c.h; name = CDVReachability.h; path = "cordova-plugin-network-information/CDVReachability.h"; sourceTree = "<group>"; };
		2E09C7B358C64EA2A23168F6 /* CoreTelephony.framework */ = {isa = PBXFileReference; explicitFileType = undefined; fileEncoding = 9; includeInIndex = 0; lastKnownFileType = wrapper.framework; name = CoreTelephony.framework; path = System/Library/Frameworks/CoreTelephony.framework; sourceTree = SDKROOT; };
		301BF52D109A57CC0062928A /* CordovaLib/CordovaLib.xcodeproj */ = {isa = PBXFileReference; lastKnownFileType = "wrapper.pb-project"; path = CordovaLib/CordovaLib.xcodeproj; sourceTree = "<group>"; };
		301BF56E109A69640062928A /* www */ = {isa = PBXFileReference; lastKnownFileType = folder; path = www; sourceTree = SOURCE_ROOT; };
		302D95EE14D2391D003F00A1 /* MainViewController.h */ = {isa = PBXFileReference; fileEncoding = 4; lastKnownFileType = sourcecode.c.h; path = MainViewController.h; sourceTree = "<group>"; };
		302D95EF14D2391D003F00A1 /* MainViewController.m */ = {isa = PBXFileReference; fileEncoding = 4; lastKnownFileType = sourcecode.c.objc; path = MainViewController.m; sourceTree = "<group>"; };
		302D95F014D2391D003F00A1 /* MainViewController.xib */ = {isa = PBXFileReference; fileEncoding = 4; lastKnownFileType = file.xib; path = MainViewController.xib; sourceTree = "<group>"; };
		3047A50F1AB8059700498E2A /* build-debug.xcconfig */ = {isa = PBXFileReference; fileEncoding = 4; lastKnownFileType = text.xcconfig; name = "build-debug.xcconfig"; path = "cordova/build-debug.xcconfig"; sourceTree = SOURCE_ROOT; };
		3047A5101AB8059700498E2A /* build-release.xcconfig */ = {isa = PBXFileReference; fileEncoding = 4; lastKnownFileType = text.xcconfig; name = "build-release.xcconfig"; path = "cordova/build-release.xcconfig"; sourceTree = SOURCE_ROOT; };
		3047A5111AB8059700498E2A /* build.xcconfig */ = {isa = PBXFileReference; fileEncoding = 4; lastKnownFileType = text.xcconfig; name = build.xcconfig; path = cordova/build.xcconfig; sourceTree = SOURCE_ROOT; };
		310A0C52E9F846D88A69F5FE /* CDVContacts.m */ = {isa = PBXFileReference; explicitFileType = undefined; fileEncoding = 4; includeInIndex = 0; lastKnownFileType = sourcecode.c.objc; name = CDVContacts.m; path = "cordova-plugin-contacts/CDVContacts.m"; sourceTree = "<group>"; };
		31CDCEC84A3646768E1F6CB3 /* CoreLocation.framework */ = {isa = PBXFileReference; explicitFileType = undefined; fileEncoding = 9; includeInIndex = 0; lastKnownFileType = wrapper.framework; name = CoreLocation.framework; path = System/Library/Frameworks/CoreLocation.framework; sourceTree = SDKROOT; };
		32250806DB5542D196C792B1 /* CDVCapture.h */ = {isa = PBXFileReference; explicitFileType = undefined; fileEncoding = 4; includeInIndex = 0; lastKnownFileType = sourcecode.c.h; name = CDVCapture.h; path = "cordova-plugin-media-capture/CDVCapture.h"; sourceTree = "<group>"; };
		32CA4F630368D1EE00C91783 /* TestProject-Prefix.pch */ = {isa = PBXFileReference; fileEncoding = 4; lastKnownFileType = sourcecode.c.h; path = "TestProject-Prefix.pch"; sourceTree = "<group>"; };
		33CA4ADE618E4CA99CE38B5E /* CDVViewController+SplashScreen.h */ = {isa = PBXFileReference; explicitFileType = undefined; fileEncoding = 4; includeInIndex = 0; lastKnownFileType = sourcecode.c.h; name = "CDVViewController+SplashScreen.h"; path = "cordova-plugin-splashscreen/CDVViewController+SplashScreen.h"; sourceTree = "<group>"; };
		342446B2F2F44010B209A5EA /* CDVReachability.m */ = {isa = PBXFileReference; explicitFileType = undefined; fileEncoding = 4; includeInIndex = 0; lastKnownFileType = sourcecode.c.objc; name = CDVReachability.m; path = "cordova-plugin-network-information/CDVReachability.m"; sourceTree = "<group>"; };
		3C5604421FDA4322865CDE64 /* CDVViewController+SplashScreen.m */ = {isa = PBXFileReference; explicitFileType = undefined; fileEncoding = 4; includeInIndex = 0; lastKnownFileType = sourcecode.c.objc; name = "CDVViewController+SplashScreen.m"; path = "cordova-plugin-splashscreen/CDVViewController+SplashScreen.m"; sourceTree = "<group>"; };
		3E40B46F40444CC29DDA803E /* CDVSplashScreen.m */ = {isa = PBXFileReference; explicitFileType = undefined; fileEncoding = 4; includeInIndex = 0; lastKnownFileType = sourcecode.c.objc; name = CDVSplashScreen.m; path = "cordova-plugin-splashscreen/CDVSplashScreen.m"; sourceTree = "<group>"; };
		3FB1E2DF343A44F391047C0F /* CDVCompass.m */ = {isa = PBXFileReference; explicitFileType = undefined; fileEncoding = 4; includeInIndex = 0; lastKnownFileType = sourcecode.c.objc; name = CDVCompass.m; path = "cordova-plugin-device-orientation/CDVCompass.m"; sourceTree = "<group>"; };
		4A3E44B494EC448AA91C8C15 /* CDVCamera.m */ = {isa = PBXFileReference; explicitFileType = undefined; fileEncoding = 4; includeInIndex = 0; lastKnownFileType = sourcecode.c.objc; name = CDVCamera.m; path = "cordova-plugin-camera/CDVCamera.m"; sourceTree = "<group>"; };
		4E8B991D32FC4F3E85426D99 /* CDVBattery.m */ = {isa = PBXFileReference; explicitFileType = undefined; fileEncoding = 4; includeInIndex = 0; lastKnownFileType = sourcecode.c.objc; name = CDVBattery.m; path = "cordova-plugin-battery-status/CDVBattery.m"; sourceTree = "<group>"; };
		4EA007F8DC954D1D9C8E10B0 /* CDVLocalFilesystem.h */ = {isa = PBXFileReference; explicitFileType = undefined; fileEncoding = 4; includeInIndex = 0; lastKnownFileType = sourcecode.c.h; name = CDVLocalFilesystem.h; path = "cordova-plugin-file/CDVLocalFilesystem.h"; sourceTree = "<group>"; };
		51C639CC25454476A1180AB7 /* AVFoundation.framework */ = {isa = PBXFileReference; explicitFileType = undefined; fileEncoding = 9; includeInIndex = 0; lastKnownFileType = wrapper.framework; name = AVFoundation.framework; path = System/Library/Frameworks/AVFoundation.framework; sourceTree = SDKROOT; };
		573EF4B255244D2A83B947C1 /* CDVStatusBar.h */ = {isa = PBXFileReference; explicitFileType = undefined; fileEncoding = 4; includeInIndex = 0; lastKnownFileType = sourcecode.c.h; name = CDVStatusBar.h; path = "cordova-plugin-statusbar/CDVStatusBar.h"; sourceTree = "<group>"; };
		5A4C0D51AD254EE9B31F64B1 /* CDVVibration.m */ = {isa = PBXFileReference; explicitFileType = undefined; fileEncoding = 4; includeInIndex = 0; lastKnownFileType = sourcecode.c.objc; name = CDVVibration.m; path = "cordova-plugin-vibration/CDVVibration.m"; sourceTree = "<group>"; };
		5D193F132EAC4460B754B65C /* CDVGlobalization.m */ = {isa = PBXFileReference; explicitFileType = undefined; fileEncoding = 4; includeInIndex = 0; lastKnownFileType = sourcecode.c.objc; name = CDVGlobalization.m; path = "cordova-plugin-globalization/CDVGlobalization.m"; sourceTree = "<group>"; };
		5F1952FC9E3F4E039E4E0FC2 /* CDVJpegHeaderWriter.m */ = {isa = PBXFileReference; explicitFileType = undefined; fileEncoding = 4; includeInIndex = 0; lastKnownFileType = sourcecode.c.objc; name = CDVJpegHeaderWriter.m; path = "cordova-plugin-camera/CDVJpegHeaderWriter.m"; sourceTree = "<group>"; };
		5FC776925F3E4F2587040EB8 /* libz.tbd */ = {isa = PBXFileReference; explicitFileType = undefined; fileEncoding = 9; includeInIndex = 0; lastKnownFileType = "sourcecode.text-based-dylib-definition"; name = libz.tbd; path = usr/lib/libz.tbd; sourceTree = SDKROOT; };
		6124D6D49B3448FCBF4D12D1 /* CDVGlobalization.h */ = {isa = PBXFileReference; explicitFileType = undefined; fileEncoding = 4; includeInIndex = 0; lastKnownFileType = sourcecode.c.h; name = CDVGlobalization.h; path = "cordova-plugin-globalization/CDVGlobalization.h"; sourceTree = "<group>"; };
		6217D21CB20D4511B2C6CCD9 /* CDVSound.m */ = {isa = PBXFileReference; explicitFileType = undefined; fileEncoding = 4; includeInIndex = 0; lastKnownFileType = sourcecode.c.objc; name = CDVSound.m; path = "cordova-plugin-media/CDVSound.m"; sourceTree = "<group>"; };
		6AAFDC53A69D41A8B68A67C5 /* CDVFileTransfer.h */ = {isa = PBXFileReference; explicitFileType = undefined; fileEncoding = 4; includeInIndex = 0; lastKnownFileType = sourcecode.c.h; name = CDVFileTransfer.h; path = "cordova-plugin-file-transfer/CDVFileTransfer.h"; sourceTree = "<group>"; };
		6AFF5BF81D6E424B00AB3073 /* CDVLaunchScreen.storyboard */ = {isa = PBXFileReference; fileEncoding = 4; lastKnownFileType = file.storyboard; name = CDVLaunchScreen.storyboard; path = TestProject/CDVLaunchScreen.storyboard; sourceTree = SOURCE_ROOT; };
		6E071CD236B646AEA44A52D7 /* CDVNotification.h */ = {isa = PBXFileReference; explicitFileType = undefined; fileEncoding = 4; includeInIndex = 0; lastKnownFileType = sourcecode.c.h; name = CDVNotification.h; path = "cordova-plugin-dialogs/CDVNotification.h"; sourceTree = "<group>"; };
		71157840C2ED44E98DFE4E42 /* CDVConnection.h */ = {isa = PBXFileReference; explicitFileType = undefined; fileEncoding = 4; includeInIndex = 0; lastKnownFileType = sourcecode.c.h; name = CDVConnection.h; path = "cordova-plugin-network-information/CDVConnection.h"; sourceTree = "<group>"; };
		78332C76F1584A5F8E856CE1 /* CDVAccelerometer.h */ = {isa = PBXFileReference; explicitFileType = undefined; fileEncoding = 4; includeInIndex = 0; lastKnownFileType = sourcecode.c.h; name = CDVAccelerometer.h; path = "cordova-plugin-device-motion/CDVAccelerometer.h"; sourceTree = "<group>"; };
		7A966E71E73D4184BE461E2A /* CDVFile.m */ = {isa = PBXFileReference; explicitFileType = undefined; fileEncoding = 4; includeInIndex = 0; lastKnownFileType = sourcecode.c.objc; name = CDVFile.m; path = "cordova-plugin-file/CDVFile.m"; sourceTree = "<group>"; };
		7EA330247CDF424A868872DA /* CDVNotification.m */ = {isa = PBXFileReference; explicitFileType = undefined; fileEncoding = 4; includeInIndex = 0; lastKnownFileType = sourcecode.c.objc; name = CDVNotification.m; path = "cordova-plugin-dialogs/CDVNotification.m"; sourceTree = "<group>"; };
		8124267F1FAD45DBAB4A0B2F /* CDVAssetLibraryFilesystem.m */ = {isa = PBXFileReference; explicitFileType = undefined; fileEncoding = 4; includeInIndex = 0; lastKnownFileType = sourcecode.c.objc; name = CDVAssetLibraryFilesystem.m; path = "cordova-plugin-file/CDVAssetLibraryFilesystem.m"; sourceTree = "<group>"; };
		8226A8C485024B47A42EAA8C /* SystemConfiguration.framework */ = {isa = PBXFileReference; explicitFileType = undefined; fileEncoding = 9; includeInIndex = 0; lastKnownFileType = wrapper.framework; name = SystemConfiguration.framework; path = System/Library/Frameworks/SystemConfiguration.framework; sourceTree = SDKROOT; };
		85F1CE2B679F4D998328F41C /* CDVContacts.h */ = {isa = PBXFileReference; explicitFileType = undefined; fileEncoding = 4; includeInIndex = 0; lastKnownFileType = sourcecode.c.h; name = CDVContacts.h; path = "cordova-plugin-contacts/CDVContacts.h"; sourceTree = "<group>"; };
		868605E0FEFB403982AA56BF /* CDVCapture.bundle */ = {isa = PBXFileReference; explicitFileType = undefined; fileEncoding = 9; includeInIndex = 0; lastKnownFileType = "wrapper.plug-in"; path = CDVCapture.bundle; sourceTree = "<group>"; };
		8B44605568DF4632831E95C7 /* CDVLogger.h */ = {isa = PBXFileReference; explicitFileType = undefined; fileEncoding = 4; includeInIndex = 0; lastKnownFileType = sourcecode.c.h; name = CDVLogger.h; path = "cordova-plugin-console/CDVLogger.h"; sourceTree = "<group>"; };
		8D1107310486CEB800E47090 /* TestProject-Info.plist */ = {isa = PBXFileReference; fileEncoding = 4; lastKnownFileType = text.plist.xml; name = "TestProject-Info.plist"; path = "TestProject/TestProject-Info.plist"; plistStructureDefinitionIdentifier = "com.apple.xcode.plist.structure-definition.iphone.info-plist"; sourceTree = SOURCE_ROOT; };
		904BAD1E501244A5951EEBC7 /* CDVInAppBrowser.h */ = {isa = PBXFileReference; explicitFileType = undefined; fileEncoding = 4; includeInIndex = 0; lastKnownFileType = sourcecode.c.h; name = CDVInAppBrowser.h; path = "cordova-plugin-inappbrowser/CDVInAppBrowser.h"; sourceTree = "<group>"; };
		984875EFB04B47C993CF2D45 /* CDVLogger.m */ = {isa = PBXFileReference; explicitFileType = undefined; fileEncoding = 4; includeInIndex = 0; lastKnownFileType = sourcecode.c.objc; name = CDVLogger.m; path = "cordova-plugin-console/CDVLogger.m"; sourceTree = "<group>"; };
		98A5D9F7BB7C45F9B96CEDC9 /* CDVCapture.m */ = {isa = PBXFileReference; explicitFileType = undefined; fileEncoding = 4; includeInIndex = 0; lastKnownFileType = sourcecode.c.objc; name = CDVCapture.m; path = "cordova-plugin-media-capture/CDVCapture.m"; sourceTree = "<group>"; };
		9AFD0679A6B34178BB3215B3 /* CDVFileTransfer.m */ = {isa = PBXFileReference; explicitFileType = undefined; fileEncoding = 4; includeInIndex = 0; lastKnownFileType = sourcecode.c.objc; name = CDVFileTransfer.m; path = "cordova-plugin-file-transfer/CDVFileTransfer.m"; sourceTree = "<group>"; };
		9BA9B39FBDB9419EB17FB955 /* CDVExif.h */ = {isa = PBXFileReference; explicitFileType = undefined; fileEncoding = 4; includeInIndex = 0; lastKnownFileType = sourcecode.c.h; name = CDVExif.h; path = "cordova-plugin-camera/CDVExif.h"; sourceTree = "<group>"; };
		9C5E65A3995E48ADA3DA13F8 /* AudioToolbox.framework */ = {isa = PBXFileReference; explicitFileType = undefined; fileEncoding = 9; includeInIndex = 0; lastKnownFileType = wrapper.framework; name = AudioToolbox.framework; path = System/Library/Frameworks/AudioToolbox.framework; sourceTree = SDKROOT; };
		9D8E14FAA7CE44679F901F19 /* CDVLocation.h */ = {isa = PBXFileReference; explicitFileType = undefined; fileEncoding = 4; includeInIndex = 0; lastKnownFileType = sourcecode.c.h; name = CDVLocation.h; path = "cordova-plugin-geolocation/CDVLocation.h"; sourceTree = "<group>"; };
		A3DFD82B22D74151A7B54397 /* ImageIO.framework */ = {isa = PBXFileReference; explicitFileType = undefined; fileEncoding = 9; includeInIndex = 0; lastKnownFileType = wrapper.framework; name = ImageIO.framework; path = System/Library/Frameworks/ImageIO.framework; sourceTree = SDKROOT; };
		A917882E7BFA4519BE948D12 /* CDVCamera.h */ = {isa = PBXFileReference; explicitFileType = undefined; fileEncoding = 4; includeInIndex = 0; lastKnownFileType = sourcecode.c.h; name = CDVCamera.h; path = "cordova-plugin-camera/CDVCamera.h"; sourceTree = "<group>"; };
		AA30C065C83F4D69B78F249B /* CDVContact.m */ = {isa = PBXFileReference; explicitFileType = undefined; fileEncoding = 4; includeInIndex = 0; lastKnownFileType = sourcecode.c.objc; name = CDVContact.m; path = "cordova-plugin-contacts/CDVContact.m"; sourceTree = "<group>"; };
		AA749517C6EB4C97B569898A /* CoreMotion.framework */ = {isa = PBXFileReference; explicitFileType = undefined; fileEncoding = 9; includeInIndex = 0; lastKnownFileType = wrapper.framework; name = CoreMotion.framework; path = System/Library/Frameworks/CoreMotion.framework; sourceTree = SDKROOT; };
		ACDA0F1B1D6A4B899ADAC972 /* CDVLocalFilesystem.m */ = {isa = PBXFileReference; explicitFileType = undefined; fileEncoding = 4; includeInIndex = 0; lastKnownFileType = sourcecode.c.objc; name = CDVLocalFilesystem.m; path = "cordova-plugin-file/CDVLocalFilesystem.m"; sourceTree = "<group>"; };
		AFE569CD222B43BA90B821C1 /* CDVAssetLibraryFilesystem.h */ = {isa = PBXFileReference; explicitFileType = undefined; fileEncoding = 4; includeInIndex = 0; lastKnownFileType = sourcecode.c.h; name = CDVAssetLibraryFilesystem.h; path = "cordova-plugin-file/CDVAssetLibraryFilesystem.h"; sourceTree = "<group>"; };
		B7DCEC226948413DB4FEB957 /* UIImage+CropScaleOrientation.h */ = {isa = PBXFileReference; explicitFileType = undefined; fileEncoding = 4; includeInIndex = 0; lastKnownFileType = sourcecode.c.h; name = "UIImage+CropScaleOrientation.h"; path = "cordova-plugin-camera/UIImage+CropScaleOrientation.h"; sourceTree = "<group>"; };
		BB8F736355D948FDAED1A514 /* CDVLocation.m */ = {isa = PBXFileReference; explicitFileType = undefined; fileEncoding = 4; includeInIndex = 0; lastKnownFileType = sourcecode.c.objc; name = CDVLocation.m; path = "cordova-plugin-geolocation/CDVLocation.m"; sourceTree = "<group>"; };
		C4F177D8ACA043C9B00C9987 /* UIImage+CropScaleOrientation.m */ = {isa = PBXFileReference; explicitFileType = undefined; fileEncoding = 4; includeInIndex = 0; lastKnownFileType = sourcecode.c.objc; name = "UIImage+CropScaleOrientation.m"; path = "cordova-plugin-camera/UIImage+CropScaleOrientation.m"; sourceTree = "<group>"; };
		C76E2FD27F3F442D90BB8562 /* CDVDevice.m */ = {isa = PBXFileReference; explicitFileType = undefined; fileEncoding = 4; includeInIndex = 0; lastKnownFileType = sourcecode.c.objc; name = CDVDevice.m; path = "cordova-plugin-device/CDVDevice.m"; sourceTree = "<group>"; };
		C92ED3815A33492A87917BBA /* CDVNotification.bundle */ = {isa = PBXFileReference; explicitFileType = undefined; fileEncoding = 9; includeInIndex = 0; lastKnownFileType = "wrapper.plug-in"; path = CDVNotification.bundle; sourceTree = "<group>"; };
		CBE553861BD24A5CAEDAA175 /* AddressBookUI.framework */ = {isa = PBXFileReference; explicitFileType = undefined; fileEncoding = 9; includeInIndex = 0; lastKnownFileType = wrapper.framework; name = AddressBookUI.framework; path = System/Library/Frameworks/AddressBookUI.framework; sourceTree = SDKROOT; };
		D0323826629C438FB489C75A /* CDVBattery.h */ = {isa = PBXFileReference; explicitFileType = undefined; fileEncoding = 4; includeInIndex = 0; lastKnownFileType = sourcecode.c.h; name = CDVBattery.h; path = "cordova-plugin-battery-status/CDVBattery.h"; sourceTree = "<group>"; };
		D4D5A940BC7D434BB7AC7F19 /* CDVInAppBrowser.m */ = {isa = PBXFileReference; explicitFileType = undefined; fileEncoding = 4; includeInIndex = 0; lastKnownFileType = sourcecode.c.objc; name = CDVInAppBrowser.m; path = "cordova-plugin-inappbrowser/CDVInAppBrowser.m"; sourceTree = "<group>"; };
		D79C7E7E37344BDC98B7773E /* CDVJpegHeaderWriter.h */ = {isa = PBXFileReference; explicitFileType = undefined; fileEncoding = 4; includeInIndex = 0; lastKnownFileType = sourcecode.c.h; name = CDVJpegHeaderWriter.h; path = "cordova-plugin-camera/CDVJpegHeaderWriter.h"; sourceTree = "<group>"; };
		D972EA10C83F4C67AFA6411C /* CDVStatusBar.m */ = {isa = PBXFileReference; explicitFileType = undefined; fileEncoding = 4; includeInIndex = 0; lastKnownFileType = sourcecode.c.objc; name = CDVStatusBar.m; path = "cordova-plugin-statusbar/CDVStatusBar.m"; sourceTree = "<group>"; };
		DA479EE8722F4FCD9CADE8DC /* CDVVibration.h */ = {isa = PBXFileReference; explicitFileType = undefined; fileEncoding = 4; includeInIndex = 0; lastKnownFileType = sourcecode.c.h; name = CDVVibration.h; path = "cordova-plugin-vibration/CDVVibration.h"; sourceTree = "<group>"; };
		E0BD04A8B73144B08697AB88 /* CDVContact.h */ = {isa = PBXFileReference; explicitFileType = undefined; fileEncoding = 4; includeInIndex = 0; lastKnownFileType = sourcecode.c.h; name = CDVContact.h; path = "cordova-plugin-contacts/CDVContact.h"; sourceTree = "<group>"; };
		E7327C386ADA4BFD8015A279 /* CDVFile.h */ = {isa = PBXFileReference; explicitFileType = undefined; fileEncoding = 4; includeInIndex = 0; lastKnownFileType = sourcecode.c.h; name = CDVFile.h; path = "cordova-plugin-file/CDVFile.h"; sourceTree = "<group>"; };
		EB87FDF31871DA8E0020F90C /* www */ = {isa = PBXFileReference; lastKnownFileType = folder; name = www; path = ../../www; sourceTree = "<group>"; };
		EB87FDF41871DAF40020F90C /* config.xml */ = {isa = PBXFileReference; lastKnownFileType = text.xml; name = config.xml; path = ../../config.xml; sourceTree = "<group>"; };
		ED33DF2A687741AEAF9F8254 /* Bridging-Header.h */ = {isa = PBXFileReference; fileEncoding = 4; lastKnownFileType = sourcecode.c.h; path = "Bridging-Header.h"; sourceTree = "<group>"; };
		F840E1F0165FE0F500CFE078 /* config.xml */ = {isa = PBXFileReference; lastKnownFileType = text.xml; name = config.xml; path = TestProject/config.xml; sourceTree = "<group>"; };
		FEA685250F2C49E49F644EFC /* CDVSplashScreen.h */ = {isa = PBXFileReference; explicitFileType = undefined; fileEncoding = 4; includeInIndex = 0; lastKnownFileType = sourcecode.c.h; name = CDVSplashScreen.h; path = "cordova-plugin-splashscreen/CDVSplashScreen.h"; sourceTree = "<group>"; };
/* End PBXFileReference section */

/* Begin PBXFrameworksBuildPhase section */
		1D60588F0D05DD3D006BFB54 /* Frameworks */ = {
			isa = PBXFrameworksBuildPhase;
			buildActionMask = 2147483647;
			files = (
				301BF552109A68D80062928A /* libCordova.a in Frameworks */,
				E4A67335A6C14035832792DD /* ImageIO.framework in Frameworks */,
				6539D97A72924C319FA24089 /* CoreLocation.framework in Frameworks */,
				824A20AF723441C8BFA9F480 /* AVFoundation.framework in Frameworks */,
				68F7366B457949C0A40B0CFC /* AddressBook.framework in Frameworks */,
				3FF49A2EED2C4E1FA5FFDC74 /* AddressBookUI.framework in Frameworks */,
				F230FA1562F84FC2BB4AAF4F /* libz.tbd in Frameworks */,
				9CC8DB6C1FFA4F05A9E785E3 /* CoreMotion.framework in Frameworks */,
				D1844AB1D5FD4DDCB5F81147 /* AudioToolbox.framework in Frameworks */,
				C8E93024B7B04D359568DF6B /* SystemConfiguration.framework in Frameworks */,
				0B96368A9700490BB27E535B /* CoreTelephony.framework in Frameworks */,
			);
			runOnlyForDeploymentPostprocessing = 0;
		};
/* End PBXFrameworksBuildPhase section */

/* Begin PBXGroup section */
		080E96DDFE201D6D7F000001 /* Classes */ = {
			isa = PBXGroup;
			children = (
				302D95EE14D2391D003F00A1 /* MainViewController.h */,
				302D95EF14D2391D003F00A1 /* MainViewController.m */,
				302D95F014D2391D003F00A1 /* MainViewController.xib */,
				1D3623240D0F684500981E51 /* AppDelegate.h */,
				1D3623250D0F684500981E51 /* AppDelegate.m */,
			);
			name = Classes;
			path = TestProject/Classes;
			sourceTree = SOURCE_ROOT;
		};
		19C28FACFE9D520D11CA2CBB /* Products */ = {
			isa = PBXGroup;
			children = (
				1D6058910D05DD3D006BFB54 /* TestProject.app */,
			);
			name = Products;
			sourceTree = "<group>";
		};
		29B97314FDCFA39411CA2CEA /* CustomTemplate */ = {
			isa = PBXGroup;
			children = (
				EB87FDF41871DAF40020F90C /* config.xml */,
				EB87FDF31871DA8E0020F90C /* www */,
				EB87FDF11871DA420020F90C /* Staging */,
				301BF52D109A57CC0062928A /* CordovaLib/CordovaLib.xcodeproj */,
				080E96DDFE201D6D7F000001 /* Classes */,
				307C750510C5A3420062BCA9 /* Plugins */,
				29B97315FDCFA39411CA2CEA /* Other Sources */,
				29B97317FDCFA39411CA2CEA /* Resources */,
				29B97323FDCFA39411CA2CEA /* Frameworks */,
				19C28FACFE9D520D11CA2CBB /* Products */,
			);
			name = CustomTemplate;
			sourceTree = "<group>";
		};
		29B97315FDCFA39411CA2CEA /* Other Sources */ = {
			isa = PBXGroup;
			children = (
				32CA4F630368D1EE00C91783 /* TestProject-Prefix.pch */,
				29B97316FDCFA39411CA2CEA /* main.m */,
				ED33DF2A687741AEAF9F8254 /* Bridging-Header.h */,
			);
			name = "Other Sources";
			path = TestProject;
			sourceTree = "<group>";
		};
		29B97317FDCFA39411CA2CEA /* Resources */ = {
			isa = PBXGroup;
			children = (
				0207DA571B56EA530066E2B4 /* Images.xcassets */,
				3047A50E1AB8057F00498E2A /* config */,
				8D1107310486CEB800E47090 /* TestProject-Info.plist */,
				6AFF5BF81D6E424B00AB3073 /* CDVLaunchScreen.storyboard */,
				C92ED3815A33492A87917BBA /* CDVNotification.bundle */,
				868605E0FEFB403982AA56BF /* CDVCapture.bundle */,
			);
			name = Resources;
			path = TestProject/Resources;
			sourceTree = "<group>";
		};
		29B97323FDCFA39411CA2CEA /* Frameworks */ = {
			isa = PBXGroup;
			children = (
				A3DFD82B22D74151A7B54397 /* ImageIO.framework */,
				31CDCEC84A3646768E1F6CB3 /* CoreLocation.framework */,
				51C639CC25454476A1180AB7 /* AVFoundation.framework */,
				01AF447AD1824D188D47F068 /* AddressBook.framework */,
				CBE553861BD24A5CAEDAA175 /* AddressBookUI.framework */,
				5FC776925F3E4F2587040EB8 /* libz.tbd */,
				AA749517C6EB4C97B569898A /* CoreMotion.framework */,
				9C5E65A3995E48ADA3DA13F8 /* AudioToolbox.framework */,
				8226A8C485024B47A42EAA8C /* SystemConfiguration.framework */,
				2E09C7B358C64EA2A23168F6 /* CoreTelephony.framework */,
			);
			name = Frameworks;
			sourceTree = "<group>";
		};
		301BF52E109A57CC0062928A /* Products */ = {
			isa = PBXGroup;
			children = (
				301BF535109A57CC0062928A /* libCordova.a */,
				9513B6711F89B63D00F3CD7A /* Cordova.framework */,
			);
			name = Products;
			sourceTree = "<group>";
		};
		3047A50E1AB8057F00498E2A /* config */ = {
			isa = PBXGroup;
			children = (
				3047A50F1AB8059700498E2A /* build-debug.xcconfig */,
				3047A5101AB8059700498E2A /* build-release.xcconfig */,
				3047A5111AB8059700498E2A /* build.xcconfig */,
			);
			name = config;
			sourceTree = "<group>";
		};
		307C750510C5A3420062BCA9 /* Plugins */ = {
			isa = PBXGroup;
			children = (
				4E8B991D32FC4F3E85426D99 /* CDVBattery.m */,
				D0323826629C438FB489C75A /* CDVBattery.h */,
				C4F177D8ACA043C9B00C9987 /* UIImage+CropScaleOrientation.m */,
				4A3E44B494EC448AA91C8C15 /* CDVCamera.m */,
				5F1952FC9E3F4E039E4E0FC2 /* CDVJpegHeaderWriter.m */,
				B7DCEC226948413DB4FEB957 /* UIImage+CropScaleOrientation.h */,
				A917882E7BFA4519BE948D12 /* CDVCamera.h */,
				D79C7E7E37344BDC98B7773E /* CDVJpegHeaderWriter.h */,
				9BA9B39FBDB9419EB17FB955 /* CDVExif.h */,
				984875EFB04B47C993CF2D45 /* CDVLogger.m */,
				8B44605568DF4632831E95C7 /* CDVLogger.h */,
				310A0C52E9F846D88A69F5FE /* CDVContacts.m */,
				AA30C065C83F4D69B78F249B /* CDVContact.m */,
				85F1CE2B679F4D998328F41C /* CDVContacts.h */,
				E0BD04A8B73144B08697AB88 /* CDVContact.h */,
				C76E2FD27F3F442D90BB8562 /* CDVDevice.m */,
				0C31EFCE39BF48B994818028 /* CDVDevice.h */,
				0CCCF8FD9DCC428B8E45890D /* CDVAccelerometer.m */,
				78332C76F1584A5F8E856CE1 /* CDVAccelerometer.h */,
				3FB1E2DF343A44F391047C0F /* CDVCompass.m */,
				142D8397D1344B1FB4992DB5 /* CDVCompass.h */,
				7EA330247CDF424A868872DA /* CDVNotification.m */,
				6E071CD236B646AEA44A52D7 /* CDVNotification.h */,
				7A966E71E73D4184BE461E2A /* CDVFile.m */,
				ACDA0F1B1D6A4B899ADAC972 /* CDVLocalFilesystem.m */,
				8124267F1FAD45DBAB4A0B2F /* CDVAssetLibraryFilesystem.m */,
				E7327C386ADA4BFD8015A279 /* CDVFile.h */,
				4EA007F8DC954D1D9C8E10B0 /* CDVLocalFilesystem.h */,
				AFE569CD222B43BA90B821C1 /* CDVAssetLibraryFilesystem.h */,
				9AFD0679A6B34178BB3215B3 /* CDVFileTransfer.m */,
				6AAFDC53A69D41A8B68A67C5 /* CDVFileTransfer.h */,
				BB8F736355D948FDAED1A514 /* CDVLocation.m */,
				9D8E14FAA7CE44679F901F19 /* CDVLocation.h */,
				5D193F132EAC4460B754B65C /* CDVGlobalization.m */,
				6124D6D49B3448FCBF4D12D1 /* CDVGlobalization.h */,
				D4D5A940BC7D434BB7AC7F19 /* CDVInAppBrowser.m */,
				904BAD1E501244A5951EEBC7 /* CDVInAppBrowser.h */,
				6217D21CB20D4511B2C6CCD9 /* CDVSound.m */,
				08B4828C5AAE4C00871041E2 /* CDVSound.h */,
				98A5D9F7BB7C45F9B96CEDC9 /* CDVCapture.m */,
				32250806DB5542D196C792B1 /* CDVCapture.h */,
				16E2BF4CACD4440A97ECEBBC /* CDVConnection.m */,
				342446B2F2F44010B209A5EA /* CDVReachability.m */,
				71157840C2ED44E98DFE4E42 /* CDVConnection.h */,
				2D42F3C281EE49F398304189 /* CDVReachability.h */,
				3E40B46F40444CC29DDA803E /* CDVSplashScreen.m */,
				3C5604421FDA4322865CDE64 /* CDVViewController+SplashScreen.m */,
				FEA685250F2C49E49F644EFC /* CDVSplashScreen.h */,
				33CA4ADE618E4CA99CE38B5E /* CDVViewController+SplashScreen.h */,
				D972EA10C83F4C67AFA6411C /* CDVStatusBar.m */,
				573EF4B255244D2A83B947C1 /* CDVStatusBar.h */,
				5A4C0D51AD254EE9B31F64B1 /* CDVVibration.m */,
				DA479EE8722F4FCD9CADE8DC /* CDVVibration.h */,
			);
			name = Plugins;
			path = TestProject/Plugins;
			sourceTree = SOURCE_ROOT;
		};
		EB87FDF11871DA420020F90C /* Staging */ = {
			isa = PBXGroup;
			children = (
				F840E1F0165FE0F500CFE078 /* config.xml */,
				301BF56E109A69640062928A /* www */,
			);
			name = Staging;
			sourceTree = "<group>";
		};
/* End PBXGroup section */

/* Begin PBXNativeTarget section */
		1D6058900D05DD3D006BFB54 /* TestProject */ = {
			isa = PBXNativeTarget;
			buildConfigurationList = 1D6058960D05DD3E006BFB54 /* Build configuration list for PBXNativeTarget "TestProject" */;
			buildPhases = (
				304B58A110DAC018002A0835 /* Copy www directory */,
				1D60588D0D05DD3D006BFB54 /* Resources */,
				1D60588E0D05DD3D006BFB54 /* Sources */,
				1D60588F0D05DD3D006BFB54 /* Frameworks */,
			);
			buildRules = (
			);
			dependencies = (
				301BF551109A68C00062928A /* PBXTargetDependency */,
			);
			name = TestProject;
			productName = TestProject;
			productReference = 1D6058910D05DD3D006BFB54 /* TestProject.app */;
			productType = "com.apple.product-type.application";
		};
/* End PBXNativeTarget section */

/* Begin PBXProject section */
		29B97313FDCFA39411CA2CEA /* Project object */ = {
			isa = PBXProject;
			attributes = {
				LastUpgradeCheck = 510;
				TargetAttributes = {
					1D6058900D05DD3D006BFB54 = {
						DevelopmentTeam = 84XT68LKGS;
					};
				};
			};
			buildConfigurationList = C01FCF4E08A954540054247B /* Build configuration list for PBXProject "TestProject" */;
			compatibilityVersion = "Xcode 3.2";
			developmentRegion = English;
			hasScannedForEncodings = 1;
			knownRegions = (
				en,
			);
			mainGroup = 29B97314FDCFA39411CA2CEA /* CustomTemplate */;
			projectDirPath = "";
			projectReferences = (
				{
					ProductGroup = 301BF52E109A57CC0062928A /* Products */;
					ProjectRef = 301BF52D109A57CC0062928A /* CordovaLib/CordovaLib.xcodeproj */;
				},
			);
			projectRoot = "";
			targets = (
				1D6058900D05DD3D006BFB54 /* TestProject */,
			);
		};
/* End PBXProject section */

/* Begin PBXReferenceProxy section */
		301BF535109A57CC0062928A /* libCordova.a */ = {
			isa = PBXReferenceProxy;
			fileType = archive.ar;
			path = libCordova.a;
			remoteRef = 301BF534109A57CC0062928A /* PBXContainerItemProxy */;
			sourceTree = BUILT_PRODUCTS_DIR;
		};
		9513B6711F89B63D00F3CD7A /* Cordova.framework */ = {
			isa = PBXReferenceProxy;
			fileType = wrapper.framework;
			path = Cordova.framework;
			remoteRef = 9513B6701F89B63D00F3CD7A /* PBXContainerItemProxy */;
			sourceTree = BUILT_PRODUCTS_DIR;
		};
/* End PBXReferenceProxy section */

/* Begin PBXResourcesBuildPhase section */
		1D60588D0D05DD3D006BFB54 /* Resources */ = {
			isa = PBXResourcesBuildPhase;
			buildActionMask = 2147483647;
			files = (
				302D95F214D2391D003F00A1 /* MainViewController.xib in Resources */,
				0207DA581B56EA530066E2B4 /* Images.xcassets in Resources */,
				6AFF5BF91D6E424B00AB3073 /* CDVLaunchScreen.storyboard in Resources */,
				22282B5C5EF74754BAC888B8 /* CDVNotification.bundle in Resources */,
				F35E1DB845244DF589A8C31A /* CDVCapture.bundle in Resources */,
			);
			runOnlyForDeploymentPostprocessing = 0;
		};
/* End PBXResourcesBuildPhase section */

/* Begin PBXShellScriptBuildPhase section */
		304B58A110DAC018002A0835 /* Copy www directory */ = {
			isa = PBXShellScriptBuildPhase;
			buildActionMask = 2147483647;
			files = (
			);
			inputPaths = (
			);
			name = "Copy www directory";
			outputPaths = (
			);
			runOnlyForDeploymentPostprocessing = 0;
			shellPath = /bin/sh;
			shellScript = "NODEJS_PATH=/usr/local/bin; NVM_NODE_PATH=~/.nvm/versions/node/`nvm version 2>/dev/null`/bin; N_NODE_PATH=`find /usr/local/n/versions/node/* -maxdepth 0 -type d 2>/dev/null | tail -1`/bin; XCODE_NODE_PATH=`xcode-select --print-path`/usr/share/xcs/Node/bin; PATH=$NODEJS_PATH:$NVM_NODE_PATH:$N_NODE_PATH:$XCODE_NODE_PATH:$PATH && node cordova/lib/copy-www-build-step.js";
			showEnvVarsInLog = 0;
		};
/* End PBXShellScriptBuildPhase section */

/* Begin PBXSourcesBuildPhase section */
		1D60588E0D05DD3D006BFB54 /* Sources */ = {
			isa = PBXSourcesBuildPhase;
			buildActionMask = 2147483647;
			files = (
				1D60589B0D05DD56006BFB54 /* main.m in Sources */,
				1D3623260D0F684500981E51 /* AppDelegate.m in Sources */,
				302D95F114D2391D003F00A1 /* MainViewController.m in Sources */,
				12EFE315553E4DE69F2C8F44 /* CDVBattery.m in Sources */,
				AB0C0D13E497444C8E2D05A5 /* UIImage+CropScaleOrientation.m in Sources */,
				02726CBCD67646D78E2C112A /* CDVCamera.m in Sources */,
				514AA09982794EDB873A3A46 /* CDVJpegHeaderWriter.m in Sources */,
				A860F203BF7849E8AD0B0FC0 /* CDVLogger.m in Sources */,
				5580FA0A8C67498EAA03F501 /* CDVContacts.m in Sources */,
				35126EFFA033478182AB42C6 /* CDVContact.m in Sources */,
				C7F7E5AD4A9148A89ACA56CB /* CDVDevice.m in Sources */,
				8FC9BB026F324B6ABCA5FC70 /* CDVAccelerometer.m in Sources */,
				5CA71C0363C44C98AA0D8B83 /* CDVCompass.m in Sources */,
				782D0DB810CE4C17BE0B1912 /* CDVNotification.m in Sources */,
				789CD4037CC0494C9D4A218F /* CDVFile.m in Sources */,
				8B3F056FBFEC4152BFB7FCAE /* CDVLocalFilesystem.m in Sources */,
				B79B9DF936B9490E9E8BCBAB /* CDVAssetLibraryFilesystem.m in Sources */,
				5664E8730C6C4FD3ADAACD25 /* CDVFileTransfer.m in Sources */,
				C31593A9AA6B47C6AB5068B7 /* CDVLocation.m in Sources */,
				44B01497383A4CF3ABBEC4BB /* CDVGlobalization.m in Sources */,
				012B6890E2FC4EFAAD4B1288 /* CDVInAppBrowser.m in Sources */,
				FAE6D4B5C9574AF8B03790BA /* CDVSound.m in Sources */,
				600EDA13A1F1449EB3200B53 /* CDVCapture.m in Sources */,
				05B1B5FCAA164791AF208364 /* CDVConnection.m in Sources */,
				5E4FA3EB115543FF88B3ADAD /* CDVReachability.m in Sources */,
				16181FC474F44C4687F171CB /* CDVSplashScreen.m in Sources */,
				58F7EEE2F49147E3834A06F6 /* CDVViewController+SplashScreen.m in Sources */,
				53D035C5E7BD482EA45A06DC /* CDVStatusBar.m in Sources */,
				4A6E244E1B634B79A481D1B5 /* CDVVibration.m in Sources */,
			);
			runOnlyForDeploymentPostprocessing = 0;
		};
/* End PBXSourcesBuildPhase section */

/* Begin PBXTargetDependency section */
		301BF551109A68C00062928A /* PBXTargetDependency */ = {
			isa = PBXTargetDependency;
			name = CordovaLib;
			targetProxy = 301BF550109A68C00062928A /* PBXContainerItemProxy */;
		};
/* End PBXTargetDependency section */

/* Begin XCBuildConfiguration section */
		1D6058940D05DD3E006BFB54 /* Debug */ = {
			isa = XCBuildConfiguration;
			baseConfigurationReference = 3047A50F1AB8059700498E2A /* build-debug.xcconfig */;
			buildSettings = {
				ALWAYS_SEARCH_USER_PATHS = NO;
				ASSETCATALOG_COMPILER_APPICON_NAME = AppIcon;
				ASSETCATALOG_COMPILER_LAUNCHIMAGE_NAME = LaunchImage;
				CLANG_ENABLE_MODULES = YES;
				CLANG_ENABLE_OBJC_ARC = YES;
				COPY_PHASE_STRIP = NO;
				DEVELOPMENT_TEAM = 84XT68LKGS;
				GCC_DYNAMIC_NO_PIC = NO;
				GCC_OPTIMIZATION_LEVEL = 0;
				GCC_PRECOMPILE_PREFIX_HEADER = YES;
				GCC_PREFIX_HEADER = "TestProject/TestProject-Prefix.pch";
				GCC_THUMB_SUPPORT = NO;
				GCC_VERSION = "";
				INFOPLIST_FILE = "TestProject/TestProject-Info.plist";
				IPHONEOS_DEPLOYMENT_TARGET = 9.0;
				LD_RUNPATH_SEARCH_PATHS = "@executable_path/Frameworks";
				PRODUCT_NAME = TestProject;
				TARGETED_DEVICE_FAMILY = "1,2";
			};
			name = Debug;
		};
		1D6058950D05DD3E006BFB54 /* Release */ = {
			isa = XCBuildConfiguration;
			baseConfigurationReference = 3047A5101AB8059700498E2A /* build-release.xcconfig */;
			buildSettings = {
				ALWAYS_SEARCH_USER_PATHS = NO;
				ASSETCATALOG_COMPILER_APPICON_NAME = AppIcon;
				ASSETCATALOG_COMPILER_LAUNCHIMAGE_NAME = LaunchImage;
				CLANG_ENABLE_MODULES = YES;
				CLANG_ENABLE_OBJC_ARC = YES;
				COPY_PHASE_STRIP = YES;
				DEVELOPMENT_TEAM = 84XT68LKGS;
				GCC_PRECOMPILE_PREFIX_HEADER = YES;
				GCC_PREFIX_HEADER = "TestProject/TestProject-Prefix.pch";
				GCC_THUMB_SUPPORT = NO;
				GCC_VERSION = "";
				INFOPLIST_FILE = "TestProject/TestProject-Info.plist";
				IPHONEOS_DEPLOYMENT_TARGET = 9.0;
				LD_RUNPATH_SEARCH_PATHS = "@executable_path/Frameworks";
				PRODUCT_NAME = TestProject;
				TARGETED_DEVICE_FAMILY = "1,2";
			};
			name = Release;
		};
		C01FCF4F08A954540054247B /* Debug */ = {
			isa = XCBuildConfiguration;
			baseConfigurationReference = 3047A5111AB8059700498E2A /* build.xcconfig */;
			buildSettings = {
				ASSETCATALOG_COMPILER_LAUNCHIMAGE_NAME = LaunchImage;
				CLANG_ENABLE_MODULES = YES;
				CLANG_ENABLE_OBJC_ARC = YES;
				CLANG_WARN_BOOL_CONVERSION = YES;
				CLANG_WARN_CONSTANT_CONVERSION = YES;
				CLANG_WARN_EMPTY_BODY = YES;
				CLANG_WARN_ENUM_CONVERSION = YES;
				CLANG_WARN_INT_CONVERSION = YES;
				CLANG_WARN__DUPLICATE_METHOD_MATCH = YES;
				GCC_C_LANGUAGE_STANDARD = c99;
				GCC_THUMB_SUPPORT = NO;
				GCC_VERSION = "";
				GCC_WARN_ABOUT_RETURN_TYPE = YES;
				GCC_WARN_UNDECLARED_SELECTOR = YES;
				GCC_WARN_UNINITIALIZED_AUTOS = YES;
				GCC_WARN_UNUSED_FUNCTION = YES;
				GCC_WARN_UNUSED_VARIABLE = YES;
				ONLY_ACTIVE_ARCH = YES;
				SDKROOT = iphoneos;
				SKIP_INSTALL = NO;
			};
			name = Debug;
		};
		C01FCF5008A954540054247B /* Release */ = {
			isa = XCBuildConfiguration;
			baseConfigurationReference = 3047A5111AB8059700498E2A /* build.xcconfig */;
			buildSettings = {
				ASSETCATALOG_COMPILER_LAUNCHIMAGE_NAME = LaunchImage;
				CLANG_ENABLE_MODULES = YES;
				CLANG_ENABLE_OBJC_ARC = YES;
				CLANG_WARN_BOOL_CONVERSION = YES;
				CLANG_WARN_CONSTANT_CONVERSION = YES;
				CLANG_WARN_EMPTY_BODY = YES;
				CLANG_WARN_ENUM_CONVERSION = YES;
				CLANG_WARN_INT_CONVERSION = YES;
				CLANG_WARN__DUPLICATE_METHOD_MATCH = YES;
				GCC_C_LANGUAGE_STANDARD = c99;
				GCC_THUMB_SUPPORT = NO;
				GCC_VERSION = "";
				GCC_WARN_ABOUT_RETURN_TYPE = YES;
				GCC_WARN_UNDECLARED_SELECTOR = YES;
				GCC_WARN_UNINITIALIZED_AUTOS = YES;
				GCC_WARN_UNUSED_FUNCTION = YES;
				GCC_WARN_UNUSED_VARIABLE = YES;
				SDKROOT = iphoneos;
				SKIP_INSTALL = NO;
			};
			name = Release;
		};
/* End XCBuildConfiguration section */

/* Begin XCConfigurationList section */
		1D6058960D05DD3E006BFB54 /* Build configuration list for PBXNativeTarget "TestProject" */ = {
			isa = XCConfigurationList;
			buildConfigurations = (
				1D6058940D05DD3E006BFB54 /* Debug */,
				1D6058950D05DD3E006BFB54 /* Release */,
			);
			defaultConfigurationIsVisible = 0;
			defaultConfigurationName = Release;
		};
		C01FCF4E08A954540054247B /* Build configuration list for PBXProject "TestProject" */ = {
			isa = XCConfigurationList;
			buildConfigurations = (
				C01FCF4F08A954540054247B /* Debug */,
				C01FCF5008A954540054247B /* Release */,
			);
			defaultConfigurationIsVisible = 0;
			defaultConfigurationName = Release;
		};
/* End XCConfigurationList section */
	};
	rootObject = 29B97313FDCFA39411CA2CEA /* Project object */;
}
